
Microsoft Visual Studio Solution File, Format Version 12.00
# Visual Studio Version 17
VisualStudioVersion = 17.1.32210.238
MinimumVisualStudioVersion = 10.0.40219.1
Project("{FAE04EC0-301F-11D3-BF4B-00C04F79EFBC}") = "Biblioteca", "Biblioteca\Biblioteca.csproj", "{7DA4DA9D-DEB9-47BC-90AA-8D2D9AC9FCB5}"
EndProject
Global
	GlobalSection(SolutionConfigurationPlatforms) = preSolution
		Debug|Any CPU = Debug|Any CPU
		Release|Any CPU = Release|Any CPU
	EndGlobalSection
	GlobalSection(ProjectConfigurationPlatforms) = postSolution
		{7DA4DA9D-DEB9-47BC-90AA-8D2D9AC9FCB5}.Debug|Any CPU.ActiveCfg = Debug|Any CPU
		{7DA4DA9D-DEB9-47BC-90AA-8D2D9AC9FCB5}.Debug|Any CPU.Build.0 = Debug|Any CPU
		{7DA4DA9D-DEB9-47BC-90AA-8D2D9AC9FCB5}.Release|Any CPU.ActiveCfg = Release|Any CPU
		{7DA4DA9D-DEB9-47BC-90AA-8D2D9AC9FCB5}.Release|Any CPU.Build.0 = Release|Any CPU
	EndGlobalSection
	GlobalSection(SolutionProperties) = preSolution
		HideSolutionNode = FALSE
	EndGlobalSection
	GlobalSection(ExtensibilityGlobals) = postSolution
		SolutionGuid = {6C2026F6-B861-47A9-B407-3C4568CAC3E7}
	EndGlobalSection
EndGlobal
